// !$*UTF8*$!
{
	archiveVersion = 1;
	classes = {
	};
	objectVersion = 55;
	objects = {

/* Begin PBXBuildFile section */
		012A4D7A281A7AED00AA0E19 /* WidgetKit.framework in Frameworks */ = {isa = PBXBuildFile; fileRef = 019CDB3B28177CA10066D10B /* WidgetKit.framework */; };
		012A4D7B281A7AED00AA0E19 /* SwiftUI.framework in Frameworks */ = {isa = PBXBuildFile; fileRef = 019CDB3D28177CA10066D10B /* SwiftUI.framework */; };
		012A4D7E281A7AED00AA0E19 /* DigitalThoughts.swift in Sources */ = {isa = PBXBuildFile; fileRef = 012A4D7D281A7AED00AA0E19 /* DigitalThoughts.swift */; };
		012A4D80281A7AEE00AA0E19 /* Assets.xcassets in Resources */ = {isa = PBXBuildFile; fileRef = 012A4D7F281A7AEE00AA0E19 /* Assets.xcassets */; };
		012A4D84281A7AEE00AA0E19 /* DigitalThoughtsExtension.appex in Embed App Extensions */ = {isa = PBXBuildFile; fileRef = 012A4D79281A7AED00AA0E19 /* DigitalThoughtsExtension.appex */; settings = {ATTRIBUTES = (RemoveHeadersOnCopy, ); }; };
		01419F6F2818A93F0095A17A /* ThoughtViewViewModel.swift in Sources */ = {isa = PBXBuildFile; fileRef = 01419F6E2818A93F0095A17A /* ThoughtViewViewModel.swift */; };
		01419F712818E23A0095A17A /* ThoughtListViewModel.swift in Sources */ = {isa = PBXBuildFile; fileRef = 01419F702818E23A0095A17A /* ThoughtListViewModel.swift */; };
		01419F732818EEB40095A17A /* UIColorExtension.swift in Sources */ = {isa = PBXBuildFile; fileRef = 01419F722818EEB40095A17A /* UIColorExtension.swift */; };
		01419F75281A31780095A17A /* ThoughtsManagerCoreData.swift in Sources */ = {isa = PBXBuildFile; fileRef = 01419F74281A31780095A17A /* ThoughtsManagerCoreData.swift */; };
		01419F77281A36790095A17A /* ThoughtsRxViewController.swift in Sources */ = {isa = PBXBuildFile; fileRef = 01419F76281A36790095A17A /* ThoughtsRxViewController.swift */; };
		01419F79281A6CEA0095A17A /* AddThoughtsViewModel.swift in Sources */ = {isa = PBXBuildFile; fileRef = 01419F78281A6CEA0095A17A /* AddThoughtsViewModel.swift */; };
		016124652816BDAE006ACB35 /* AddThoughtsViewController.swift in Sources */ = {isa = PBXBuildFile; fileRef = 016124642816BDAE006ACB35 /* AddThoughtsViewController.swift */; };
		019CDB642817CEFB0066D10B /* ThoughtsData.xcdatamodeld in Sources */ = {isa = PBXBuildFile; fileRef = 019CDB622817CEFB0066D10B /* ThoughtsData.xcdatamodeld */; };
		019CDB662817D0EA0066D10B /* ThoughtsDataManager.swift in Sources */ = {isa = PBXBuildFile; fileRef = 019CDB652817D0EA0066D10B /* ThoughtsDataManager.swift */; };
		019CDB692817DA830066D10B /* DataHelpers.swift in Sources */ = {isa = PBXBuildFile; fileRef = 019CDB682817DA830066D10B /* DataHelpers.swift */; };
		019CDB6B2817E83D0066D10B /* ThoughtsCell.swift in Sources */ = {isa = PBXBuildFile; fileRef = 019CDB6A2817E83D0066D10B /* ThoughtsCell.swift */; };
		01D089312816953B00E9E9FF /* AppDelegate.swift in Sources */ = {isa = PBXBuildFile; fileRef = 01D089302816953B00E9E9FF /* AppDelegate.swift */; };
		01D089332816953B00E9E9FF /* SceneDelegate.swift in Sources */ = {isa = PBXBuildFile; fileRef = 01D089322816953B00E9E9FF /* SceneDelegate.swift */; };
		01D089352816953B00E9E9FF /* ThoughtListViewController.swift in Sources */ = {isa = PBXBuildFile; fileRef = 01D089342816953B00E9E9FF /* ThoughtListViewController.swift */; };
		01D0893A2816953C00E9E9FF /* Assets.xcassets in Resources */ = {isa = PBXBuildFile; fileRef = 01D089392816953C00E9E9FF /* Assets.xcassets */; };
		01D0893D2816953C00E9E9FF /* LaunchScreen.storyboard in Resources */ = {isa = PBXBuildFile; fileRef = 01D0893B2816953C00E9E9FF /* LaunchScreen.storyboard */; };
		01D0896A28169BC300E9E9FF /* AnchorExtensions.swift in Sources */ = {isa = PBXBuildFile; fileRef = 01D0896928169BC300E9E9FF /* AnchorExtensions.swift */; };
		01D0896C28169C7900E9E9FF /* ProgrammaticView.swift in Sources */ = {isa = PBXBuildFile; fileRef = 01D0896B28169C7900E9E9FF /* ProgrammaticView.swift */; };
		AA3E3A4A53B294F41F792336 /* Pods_Thoughts.framework in Frameworks */ = {isa = PBXBuildFile; fileRef = F2797F93AE4612DB154FF15F /* Pods_Thoughts.framework */; };
/* End PBXBuildFile section */

/* Begin PBXContainerItemProxy section */
		012A4D82281A7AEE00AA0E19 /* PBXContainerItemProxy */ = {
			isa = PBXContainerItemProxy;
			containerPortal = 01D089252816953B00E9E9FF /* Project object */;
			proxyType = 1;
			remoteGlobalIDString = 012A4D78281A7AED00AA0E19;
			remoteInfo = DigitalThoughtsExtension;
		};
/* End PBXContainerItemProxy section */

/* Begin PBXCopyFilesBuildPhase section */
		019CDB4B28177CA20066D10B /* Embed App Extensions */ = {
			isa = PBXCopyFilesBuildPhase;
			buildActionMask = 2147483647;
			dstPath = "";
			dstSubfolderSpec = 13;
			files = (
				012A4D84281A7AEE00AA0E19 /* DigitalThoughtsExtension.appex in Embed App Extensions */,
			);
			name = "Embed App Extensions";
			runOnlyForDeploymentPostprocessing = 0;
		};
/* End PBXCopyFilesBuildPhase section */

/* Begin PBXFileReference section */
		012A4D79281A7AED00AA0E19 /* DigitalThoughtsExtension.appex */ = {isa = PBXFileReference; explicitFileType = "wrapper.app-extension"; includeInIndex = 0; path = DigitalThoughtsExtension.appex; sourceTree = BUILT_PRODUCTS_DIR; };
		012A4D7D281A7AED00AA0E19 /* DigitalThoughts.swift */ = {isa = PBXFileReference; lastKnownFileType = sourcecode.swift; path = DigitalThoughts.swift; sourceTree = "<group>"; };
		012A4D7F281A7AEE00AA0E19 /* Assets.xcassets */ = {isa = PBXFileReference; lastKnownFileType = folder.assetcatalog; path = Assets.xcassets; sourceTree = "<group>"; };
		012A4D81281A7AEE00AA0E19 /* Info.plist */ = {isa = PBXFileReference; lastKnownFileType = text.plist.xml; path = Info.plist; sourceTree = "<group>"; };
		01419F6E2818A93F0095A17A /* ThoughtViewViewModel.swift */ = {isa = PBXFileReference; lastKnownFileType = sourcecode.swift; path = ThoughtViewViewModel.swift; sourceTree = "<group>"; };
		01419F702818E23A0095A17A /* ThoughtListViewModel.swift */ = {isa = PBXFileReference; lastKnownFileType = sourcecode.swift; path = ThoughtListViewModel.swift; sourceTree = "<group>"; };
		01419F722818EEB40095A17A /* UIColorExtension.swift */ = {isa = PBXFileReference; lastKnownFileType = sourcecode.swift; path = UIColorExtension.swift; sourceTree = "<group>"; };
		01419F74281A31780095A17A /* ThoughtsManagerCoreData.swift */ = {isa = PBXFileReference; lastKnownFileType = sourcecode.swift; path = ThoughtsManagerCoreData.swift; sourceTree = "<group>"; };
		01419F76281A36790095A17A /* ThoughtsRxViewController.swift */ = {isa = PBXFileReference; lastKnownFileType = sourcecode.swift; path = ThoughtsRxViewController.swift; sourceTree = "<group>"; };
		01419F78281A6CEA0095A17A /* AddThoughtsViewModel.swift */ = {isa = PBXFileReference; lastKnownFileType = sourcecode.swift; path = AddThoughtsViewModel.swift; sourceTree = "<group>"; };
		016124642816BDAE006ACB35 /* AddThoughtsViewController.swift */ = {isa = PBXFileReference; lastKnownFileType = sourcecode.swift; path = AddThoughtsViewController.swift; sourceTree = "<group>"; };
		019CDB3B28177CA10066D10B /* WidgetKit.framework */ = {isa = PBXFileReference; lastKnownFileType = wrapper.framework; name = WidgetKit.framework; path = System/Library/Frameworks/WidgetKit.framework; sourceTree = SDKROOT; };
		019CDB3D28177CA10066D10B /* SwiftUI.framework */ = {isa = PBXFileReference; lastKnownFileType = wrapper.framework; name = SwiftUI.framework; path = System/Library/Frameworks/SwiftUI.framework; sourceTree = SDKROOT; };
		019CDB632817CEFB0066D10B /* ThoughtsData.xcdatamodel */ = {isa = PBXFileReference; lastKnownFileType = wrapper.xcdatamodel; path = ThoughtsData.xcdatamodel; sourceTree = "<group>"; };
		019CDB652817D0EA0066D10B /* ThoughtsDataManager.swift */ = {isa = PBXFileReference; lastKnownFileType = sourcecode.swift; path = ThoughtsDataManager.swift; sourceTree = "<group>"; };
		019CDB682817DA830066D10B /* DataHelpers.swift */ = {isa = PBXFileReference; lastKnownFileType = sourcecode.swift; path = DataHelpers.swift; sourceTree = "<group>"; };
		019CDB6A2817E83D0066D10B /* ThoughtsCell.swift */ = {isa = PBXFileReference; lastKnownFileType = sourcecode.swift; path = ThoughtsCell.swift; sourceTree = "<group>"; };
		01D0892D2816953B00E9E9FF /* Thoughts.app */ = {isa = PBXFileReference; explicitFileType = wrapper.application; includeInIndex = 0; path = Thoughts.app; sourceTree = BUILT_PRODUCTS_DIR; };
		01D089302816953B00E9E9FF /* AppDelegate.swift */ = {isa = PBXFileReference; lastKnownFileType = sourcecode.swift; path = AppDelegate.swift; sourceTree = "<group>"; };
		01D089322816953B00E9E9FF /* SceneDelegate.swift */ = {isa = PBXFileReference; lastKnownFileType = sourcecode.swift; path = SceneDelegate.swift; sourceTree = "<group>"; };
		01D089342816953B00E9E9FF /* ThoughtListViewController.swift */ = {isa = PBXFileReference; lastKnownFileType = sourcecode.swift; path = ThoughtListViewController.swift; sourceTree = "<group>"; };
		01D089392816953C00E9E9FF /* Assets.xcassets */ = {isa = PBXFileReference; lastKnownFileType = folder.assetcatalog; path = Assets.xcassets; sourceTree = "<group>"; };
		01D0893C2816953C00E9E9FF /* Base */ = {isa = PBXFileReference; lastKnownFileType = file.storyboard; name = Base; path = Base.lproj/LaunchScreen.storyboard; sourceTree = "<group>"; };
		01D0893E2816953C00E9E9FF /* Info.plist */ = {isa = PBXFileReference; lastKnownFileType = text.plist.xml; path = Info.plist; sourceTree = "<group>"; };
		01D0896928169BC300E9E9FF /* AnchorExtensions.swift */ = {isa = PBXFileReference; lastKnownFileType = sourcecode.swift; path = AnchorExtensions.swift; sourceTree = "<group>"; };
		01D0896B28169C7900E9E9FF /* ProgrammaticView.swift */ = {isa = PBXFileReference; lastKnownFileType = sourcecode.swift; path = ProgrammaticView.swift; sourceTree = "<group>"; };
		1FE9A51CE0A4698F4CB12126 /* Pods-Thoughts.debug.xcconfig */ = {isa = PBXFileReference; includeInIndex = 1; lastKnownFileType = text.xcconfig; name = "Pods-Thoughts.debug.xcconfig"; path = "Target Support Files/Pods-Thoughts/Pods-Thoughts.debug.xcconfig"; sourceTree = "<group>"; };
		48C6BF922A5C949F54D68AD9 /* Pods-ThoughtsWidgetExtension.release.xcconfig */ = {isa = PBXFileReference; includeInIndex = 1; lastKnownFileType = text.xcconfig; name = "Pods-ThoughtsWidgetExtension.release.xcconfig"; path = "Target Support Files/Pods-ThoughtsWidgetExtension/Pods-ThoughtsWidgetExtension.release.xcconfig"; sourceTree = "<group>"; };
		877320CC35885B8CC68D82CA /* Pods-Thoughts.release.xcconfig */ = {isa = PBXFileReference; includeInIndex = 1; lastKnownFileType = text.xcconfig; name = "Pods-Thoughts.release.xcconfig"; path = "Target Support Files/Pods-Thoughts/Pods-Thoughts.release.xcconfig"; sourceTree = "<group>"; };
		943F46AA5F4DB648B31B6A42 /* Pods-ThoughtsWidgetExtension.debug.xcconfig */ = {isa = PBXFileReference; includeInIndex = 1; lastKnownFileType = text.xcconfig; name = "Pods-ThoughtsWidgetExtension.debug.xcconfig"; path = "Target Support Files/Pods-ThoughtsWidgetExtension/Pods-ThoughtsWidgetExtension.debug.xcconfig"; sourceTree = "<group>"; };
		9726E00C69A856DF2961B324 /* Pods_ThoughtsWidgetExtension.framework */ = {isa = PBXFileReference; explicitFileType = wrapper.framework; includeInIndex = 0; path = Pods_ThoughtsWidgetExtension.framework; sourceTree = BUILT_PRODUCTS_DIR; };
		F2797F93AE4612DB154FF15F /* Pods_Thoughts.framework */ = {isa = PBXFileReference; explicitFileType = wrapper.framework; includeInIndex = 0; path = Pods_Thoughts.framework; sourceTree = BUILT_PRODUCTS_DIR; };
/* End PBXFileReference section */

/* Begin PBXFrameworksBuildPhase section */
		012A4D76281A7AED00AA0E19 /* Frameworks */ = {
			isa = PBXFrameworksBuildPhase;
			buildActionMask = 2147483647;
			files = (
				012A4D7B281A7AED00AA0E19 /* SwiftUI.framework in Frameworks */,
				012A4D7A281A7AED00AA0E19 /* WidgetKit.framework in Frameworks */,
			);
			runOnlyForDeploymentPostprocessing = 0;
		};
		01D0892A2816953B00E9E9FF /* Frameworks */ = {
			isa = PBXFrameworksBuildPhase;
			buildActionMask = 2147483647;
			files = (
				AA3E3A4A53B294F41F792336 /* Pods_Thoughts.framework in Frameworks */,
			);
			runOnlyForDeploymentPostprocessing = 0;
		};
/* End PBXFrameworksBuildPhase section */

/* Begin PBXGroup section */
		012A4D7C281A7AED00AA0E19 /* DigitalThoughts */ = {
			isa = PBXGroup;
			children = (
				012A4D7D281A7AED00AA0E19 /* DigitalThoughts.swift */,
				012A4D7F281A7AEE00AA0E19 /* Assets.xcassets */,
				012A4D81281A7AEE00AA0E19 /* Info.plist */,
			);
			path = DigitalThoughts;
			sourceTree = "<group>";
		};
		019CDB3A28177CA10066D10B /* Frameworks */ = {
			isa = PBXGroup;
			children = (
				019CDB3B28177CA10066D10B /* WidgetKit.framework */,
				019CDB3D28177CA10066D10B /* SwiftUI.framework */,
				F2797F93AE4612DB154FF15F /* Pods_Thoughts.framework */,
				9726E00C69A856DF2961B324 /* Pods_ThoughtsWidgetExtension.framework */,
			);
			name = Frameworks;
			sourceTree = "<group>";
		};
		019CDB672817DA680066D10B /* Manager */ = {
			isa = PBXGroup;
			children = (
				019CDB652817D0EA0066D10B /* ThoughtsDataManager.swift */,
				01419F74281A31780095A17A /* ThoughtsManagerCoreData.swift */,
			);
			path = Manager;
			sourceTree = "<group>";
		};
		01D089242816953B00E9E9FF = {
			isa = PBXGroup;
			children = (
				01D0892F2816953B00E9E9FF /* Thoughts */,
				012A4D7C281A7AED00AA0E19 /* DigitalThoughts */,
				019CDB3A28177CA10066D10B /* Frameworks */,
				01D0892E2816953B00E9E9FF /* Products */,
				BD27C05962107122DF23E11B /* Pods */,
			);
			sourceTree = "<group>";
		};
		01D0892E2816953B00E9E9FF /* Products */ = {
			isa = PBXGroup;
			children = (
				01D0892D2816953B00E9E9FF /* Thoughts.app */,
				012A4D79281A7AED00AA0E19 /* DigitalThoughtsExtension.appex */,
			);
			name = Products;
			sourceTree = "<group>";
		};
		01D0892F2816953B00E9E9FF /* Thoughts */ = {
			isa = PBXGroup;
			children = (
				01D089442816955200E9E9FF /* Base */,
				01D08948281695BB00E9E9FF /* Model */,
				01D089462816957300E9E9FF /* ViewController */,
				01D089472816958500E9E9FF /* ViewModel */,
				01D089452816956A00E9E9FF /* View */,
				01D0896D28169C8000E9E9FF /* Protocols */,
				019CDB672817DA680066D10B /* Manager */,
				01D089392816953C00E9E9FF /* Assets.xcassets */,
				01D0893E2816953C00E9E9FF /* Info.plist */,
			);
			path = Thoughts;
			sourceTree = "<group>";
		};
		01D089442816955200E9E9FF /* Base */ = {
			isa = PBXGroup;
			children = (
				01D089302816953B00E9E9FF /* AppDelegate.swift */,
				01D089322816953B00E9E9FF /* SceneDelegate.swift */,
				01D0896928169BC300E9E9FF /* AnchorExtensions.swift */,
				01419F722818EEB40095A17A /* UIColorExtension.swift */,
			);
			path = Base;
			sourceTree = "<group>";
		};
		01D089452816956A00E9E9FF /* View */ = {
			isa = PBXGroup;
			children = (
				01D0893B2816953C00E9E9FF /* LaunchScreen.storyboard */,
				019CDB6A2817E83D0066D10B /* ThoughtsCell.swift */,
			);
			path = View;
			sourceTree = "<group>";
		};
		01D089462816957300E9E9FF /* ViewController */ = {
			isa = PBXGroup;
			children = (
				01D089342816953B00E9E9FF /* ThoughtListViewController.swift */,
				016124642816BDAE006ACB35 /* AddThoughtsViewController.swift */,
				01419F76281A36790095A17A /* ThoughtsRxViewController.swift */,
			);
			path = ViewController;
			sourceTree = "<group>";
		};
		01D089472816958500E9E9FF /* ViewModel */ = {
			isa = PBXGroup;
			children = (
				01419F6E2818A93F0095A17A /* ThoughtViewViewModel.swift */,
				01419F702818E23A0095A17A /* ThoughtListViewModel.swift */,
				01419F78281A6CEA0095A17A /* AddThoughtsViewModel.swift */,
			);
			path = ViewModel;
			sourceTree = "<group>";
		};
		01D08948281695BB00E9E9FF /* Model */ = {
			isa = PBXGroup;
			children = (
				019CDB622817CEFB0066D10B /* ThoughtsData.xcdatamodeld */,
			);
			path = Model;
			sourceTree = "<group>";
		};
		01D0896D28169C8000E9E9FF /* Protocols */ = {
			isa = PBXGroup;
			children = (
				01D0896B28169C7900E9E9FF /* ProgrammaticView.swift */,
				019CDB682817DA830066D10B /* DataHelpers.swift */,
			);
			path = Protocols;
			sourceTree = "<group>";
		};
		BD27C05962107122DF23E11B /* Pods */ = {
			isa = PBXGroup;
			children = (
				1FE9A51CE0A4698F4CB12126 /* Pods-Thoughts.debug.xcconfig */,
				877320CC35885B8CC68D82CA /* Pods-Thoughts.release.xcconfig */,
				943F46AA5F4DB648B31B6A42 /* Pods-ThoughtsWidgetExtension.debug.xcconfig */,
				48C6BF922A5C949F54D68AD9 /* Pods-ThoughtsWidgetExtension.release.xcconfig */,
			);
			path = Pods;
			sourceTree = "<group>";
		};
/* End PBXGroup section */

/* Begin PBXNativeTarget section */
		012A4D78281A7AED00AA0E19 /* DigitalThoughtsExtension */ = {
			isa = PBXNativeTarget;
			buildConfigurationList = 012A4D85281A7AEE00AA0E19 /* Build configuration list for PBXNativeTarget "DigitalThoughtsExtension" */;
			buildPhases = (
				012A4D75281A7AED00AA0E19 /* Sources */,
				012A4D76281A7AED00AA0E19 /* Frameworks */,
				012A4D77281A7AED00AA0E19 /* Resources */,
			);
			buildRules = (
			);
			dependencies = (
			);
			name = DigitalThoughtsExtension;
			productName = DigitalThoughtsExtension;
			productReference = 012A4D79281A7AED00AA0E19 /* DigitalThoughtsExtension.appex */;
			productType = "com.apple.product-type.app-extension";
		};
		01D0892C2816953B00E9E9FF /* Thoughts */ = {
			isa = PBXNativeTarget;
			buildConfigurationList = 01D089412816953C00E9E9FF /* Build configuration list for PBXNativeTarget "Thoughts" */;
			buildPhases = (
				0C031C94DD13DEE3971F2D92 /* [CP] Check Pods Manifest.lock */,
				01D089292816953B00E9E9FF /* Sources */,
				01D0892A2816953B00E9E9FF /* Frameworks */,
				01D0892B2816953B00E9E9FF /* Resources */,
				019CDB4B28177CA20066D10B /* Embed App Extensions */,
				6719CC3D234337D794D3FC54 /* [CP] Embed Pods Frameworks */,
			);
			buildRules = (
			);
			dependencies = (
				012A4D83281A7AEE00AA0E19 /* PBXTargetDependency */,
			);
			name = Thoughts;
			productName = Thoughts;
			productReference = 01D0892D2816953B00E9E9FF /* Thoughts.app */;
			productType = "com.apple.product-type.application";
		};
/* End PBXNativeTarget section */

/* Begin PBXProject section */
		01D089252816953B00E9E9FF /* Project object */ = {
			isa = PBXProject;
			attributes = {
				BuildIndependentTargetsInParallel = 1;
				LastSwiftUpdateCheck = 1330;
				LastUpgradeCheck = 1330;
				TargetAttributes = {
					012A4D78281A7AED00AA0E19 = {
						CreatedOnToolsVersion = 13.3;
					};
					01D0892C2816953B00E9E9FF = {
						CreatedOnToolsVersion = 13.3;
					};
				};
			};
			buildConfigurationList = 01D089282816953B00E9E9FF /* Build configuration list for PBXProject "Thoughts" */;
			compatibilityVersion = "Xcode 13.0";
			developmentRegion = en;
			hasScannedForEncodings = 0;
			knownRegions = (
				en,
				Base,
			);
			mainGroup = 01D089242816953B00E9E9FF;
			productRefGroup = 01D0892E2816953B00E9E9FF /* Products */;
			projectDirPath = "";
			projectRoot = "";
			targets = (
				01D0892C2816953B00E9E9FF /* Thoughts */,
				012A4D78281A7AED00AA0E19 /* DigitalThoughtsExtension */,
			);
		};
/* End PBXProject section */

/* Begin PBXResourcesBuildPhase section */
		012A4D77281A7AED00AA0E19 /* Resources */ = {
			isa = PBXResourcesBuildPhase;
			buildActionMask = 2147483647;
			files = (
				012A4D80281A7AEE00AA0E19 /* Assets.xcassets in Resources */,
			);
			runOnlyForDeploymentPostprocessing = 0;
		};
		01D0892B2816953B00E9E9FF /* Resources */ = {
			isa = PBXResourcesBuildPhase;
			buildActionMask = 2147483647;
			files = (
				01D0893D2816953C00E9E9FF /* LaunchScreen.storyboard in Resources */,
				01D0893A2816953C00E9E9FF /* Assets.xcassets in Resources */,
			);
			runOnlyForDeploymentPostprocessing = 0;
		};
/* End PBXResourcesBuildPhase section */

/* Begin PBXShellScriptBuildPhase section */
		0C031C94DD13DEE3971F2D92 /* [CP] Check Pods Manifest.lock */ = {
			isa = PBXShellScriptBuildPhase;
			buildActionMask = 2147483647;
			files = (
			);
			inputFileListPaths = (
			);
			inputPaths = (
				"${PODS_PODFILE_DIR_PATH}/Podfile.lock",
				"${PODS_ROOT}/Manifest.lock",
			);
			name = "[CP] Check Pods Manifest.lock";
			outputFileListPaths = (
			);
			outputPaths = (
				"$(DERIVED_FILE_DIR)/Pods-Thoughts-checkManifestLockResult.txt",
			);
			runOnlyForDeploymentPostprocessing = 0;
			shellPath = /bin/sh;
			shellScript = "diff \"${PODS_PODFILE_DIR_PATH}/Podfile.lock\" \"${PODS_ROOT}/Manifest.lock\" > /dev/null\nif [ $? != 0 ] ; then\n    # print error to STDERR\n    echo \"error: The sandbox is not in sync with the Podfile.lock. Run 'pod install' or update your CocoaPods installation.\" >&2\n    exit 1\nfi\n# This output is used by Xcode 'outputs' to avoid re-running this script phase.\necho \"SUCCESS\" > \"${SCRIPT_OUTPUT_FILE_0}\"\n";
			showEnvVarsInLog = 0;
		};
		6719CC3D234337D794D3FC54 /* [CP] Embed Pods Frameworks */ = {
			isa = PBXShellScriptBuildPhase;
			buildActionMask = 2147483647;
			files = (
			);
			inputFileListPaths = (
				"${PODS_ROOT}/Target Support Files/Pods-Thoughts/Pods-Thoughts-frameworks-${CONFIGURATION}-input-files.xcfilelist",
			);
			name = "[CP] Embed Pods Frameworks";
			outputFileListPaths = (
				"${PODS_ROOT}/Target Support Files/Pods-Thoughts/Pods-Thoughts-frameworks-${CONFIGURATION}-output-files.xcfilelist",
			);
			runOnlyForDeploymentPostprocessing = 0;
			shellPath = /bin/sh;
			shellScript = "\"${PODS_ROOT}/Target Support Files/Pods-Thoughts/Pods-Thoughts-frameworks.sh\"\n";
			showEnvVarsInLog = 0;
		};
/* End PBXShellScriptBuildPhase section */

/* Begin PBXSourcesBuildPhase section */
		012A4D75281A7AED00AA0E19 /* Sources */ = {
			isa = PBXSourcesBuildPhase;
			buildActionMask = 2147483647;
			files = (
				012A4D7E281A7AED00AA0E19 /* DigitalThoughts.swift in Sources */,
			);
			runOnlyForDeploymentPostprocessing = 0;
		};
		01D089292816953B00E9E9FF /* Sources */ = {
			isa = PBXSourcesBuildPhase;
			buildActionMask = 2147483647;
			files = (
				01419F79281A6CEA0095A17A /* AddThoughtsViewModel.swift in Sources */,
				01419F77281A36790095A17A /* ThoughtsRxViewController.swift in Sources */,
				01D0896C28169C7900E9E9FF /* ProgrammaticView.swift in Sources */,
				019CDB692817DA830066D10B /* DataHelpers.swift in Sources */,
				01419F6F2818A93F0095A17A /* ThoughtViewViewModel.swift in Sources */,
				01D0896A28169BC300E9E9FF /* AnchorExtensions.swift in Sources */,
				019CDB642817CEFB0066D10B /* ThoughtsData.xcdatamodeld in Sources */,
				01D089352816953B00E9E9FF /* ThoughtListViewController.swift in Sources */,
				01419F75281A31780095A17A /* ThoughtsManagerCoreData.swift in Sources */,
				01419F732818EEB40095A17A /* UIColorExtension.swift in Sources */,
				01D089312816953B00E9E9FF /* AppDelegate.swift in Sources */,
				016124652816BDAE006ACB35 /* AddThoughtsViewController.swift in Sources */,
				01419F712818E23A0095A17A /* ThoughtListViewModel.swift in Sources */,
				019CDB6B2817E83D0066D10B /* ThoughtsCell.swift in Sources */,
				01D089332816953B00E9E9FF /* SceneDelegate.swift in Sources */,
				019CDB662817D0EA0066D10B /* ThoughtsDataManager.swift in Sources */,
			);
			runOnlyForDeploymentPostprocessing = 0;
		};
/* End PBXSourcesBuildPhase section */

/* Begin PBXTargetDependency section */
		012A4D83281A7AEE00AA0E19 /* PBXTargetDependency */ = {
			isa = PBXTargetDependency;
			target = 012A4D78281A7AED00AA0E19 /* DigitalThoughtsExtension */;
			targetProxy = 012A4D82281A7AEE00AA0E19 /* PBXContainerItemProxy */;
		};
/* End PBXTargetDependency section */

/* Begin PBXVariantGroup section */
		01D0893B2816953C00E9E9FF /* LaunchScreen.storyboard */ = {
			isa = PBXVariantGroup;
			children = (
				01D0893C2816953C00E9E9FF /* Base */,
			);
			name = LaunchScreen.storyboard;
			sourceTree = "<group>";
		};
/* End PBXVariantGroup section */

/* Begin XCBuildConfiguration section */
		012A4D86281A7AEE00AA0E19 /* Debug */ = {
			isa = XCBuildConfiguration;
			buildSettings = {
				ASSETCATALOG_COMPILER_GLOBAL_ACCENT_COLOR_NAME = AccentColor;
				ASSETCATALOG_COMPILER_WIDGET_BACKGROUND_COLOR_NAME = WidgetBackground;
				CODE_SIGN_STYLE = Automatic;
				CURRENT_PROJECT_VERSION = 1;
				DEVELOPMENT_TEAM = R5743U27B6;
				GENERATE_INFOPLIST_FILE = YES;
				INFOPLIST_FILE = DigitalThoughts/Info.plist;
				INFOPLIST_KEY_CFBundleDisplayName = DigitalThoughts;
				INFOPLIST_KEY_NSHumanReadableCopyright = "";
				LD_RUNPATH_SEARCH_PATHS = (
					"$(inherited)",
					"@executable_path/Frameworks",
					"@executable_path/../../Frameworks",
				);
				MARKETING_VERSION = 1.0;
				PRODUCT_BUNDLE_IDENTIFIER = com.hilmyveradin.ThoughtsApp.DigitalThoughts;
				PRODUCT_NAME = "$(TARGET_NAME)";
				SKIP_INSTALL = YES;
				SWIFT_EMIT_LOC_STRINGS = YES;
				SWIFT_VERSION = 5.0;
				TARGETED_DEVICE_FAMILY = "1,2";
			};
			name = Debug;
		};
		012A4D87281A7AEE00AA0E19 /* Release */ = {
			isa = XCBuildConfiguration;
			buildSettings = {
				ASSETCATALOG_COMPILER_GLOBAL_ACCENT_COLOR_NAME = AccentColor;
				ASSETCATALOG_COMPILER_WIDGET_BACKGROUND_COLOR_NAME = WidgetBackground;
				CODE_SIGN_STYLE = Automatic;
				CURRENT_PROJECT_VERSION = 1;
				DEVELOPMENT_TEAM = R5743U27B6;
				GENERATE_INFOPLIST_FILE = YES;
				INFOPLIST_FILE = DigitalThoughts/Info.plist;
				INFOPLIST_KEY_CFBundleDisplayName = DigitalThoughts;
				INFOPLIST_KEY_NSHumanReadableCopyright = "";
				LD_RUNPATH_SEARCH_PATHS = (
					"$(inherited)",
					"@executable_path/Frameworks",
					"@executable_path/../../Frameworks",
				);
				MARKETING_VERSION = 1.0;
				PRODUCT_BUNDLE_IDENTIFIER = com.hilmyveradin.ThoughtsApp.DigitalThoughts;
				PRODUCT_NAME = "$(TARGET_NAME)";
				SKIP_INSTALL = YES;
				SWIFT_EMIT_LOC_STRINGS = YES;
				SWIFT_VERSION = 5.0;
				TARGETED_DEVICE_FAMILY = "1,2";
			};
			name = Release;
		};
		01D0893F2816953C00E9E9FF /* Debug */ = {
			isa = XCBuildConfiguration;
			buildSettings = {
				ALWAYS_SEARCH_USER_PATHS = NO;
				CLANG_ANALYZER_NONNULL = YES;
				CLANG_ANALYZER_NUMBER_OBJECT_CONVERSION = YES_AGGRESSIVE;
				CLANG_CXX_LANGUAGE_STANDARD = "gnu++17";
				CLANG_ENABLE_MODULES = YES;
				CLANG_ENABLE_OBJC_ARC = YES;
				CLANG_ENABLE_OBJC_WEAK = YES;
				CLANG_WARN_BLOCK_CAPTURE_AUTORELEASING = YES;
				CLANG_WARN_BOOL_CONVERSION = YES;
				CLANG_WARN_COMMA = YES;
				CLANG_WARN_CONSTANT_CONVERSION = YES;
				CLANG_WARN_DEPRECATED_OBJC_IMPLEMENTATIONS = YES;
				CLANG_WARN_DIRECT_OBJC_ISA_USAGE = YES_ERROR;
				CLANG_WARN_DOCUMENTATION_COMMENTS = YES;
				CLANG_WARN_EMPTY_BODY = YES;
				CLANG_WARN_ENUM_CONVERSION = YES;
				CLANG_WARN_INFINITE_RECURSION = YES;
				CLANG_WARN_INT_CONVERSION = YES;
				CLANG_WARN_NON_LITERAL_NULL_CONVERSION = YES;
				CLANG_WARN_OBJC_IMPLICIT_RETAIN_SELF = YES;
				CLANG_WARN_OBJC_LITERAL_CONVERSION = YES;
				CLANG_WARN_OBJC_ROOT_CLASS = YES_ERROR;
				CLANG_WARN_QUOTED_INCLUDE_IN_FRAMEWORK_HEADER = YES;
				CLANG_WARN_RANGE_LOOP_ANALYSIS = YES;
				CLANG_WARN_STRICT_PROTOTYPES = YES;
				CLANG_WARN_SUSPICIOUS_MOVE = YES;
				CLANG_WARN_UNGUARDED_AVAILABILITY = YES_AGGRESSIVE;
				CLANG_WARN_UNREACHABLE_CODE = YES;
				CLANG_WARN__DUPLICATE_METHOD_MATCH = YES;
				COPY_PHASE_STRIP = NO;
				DEBUG_INFORMATION_FORMAT = dwarf;
				ENABLE_STRICT_OBJC_MSGSEND = YES;
				ENABLE_TESTABILITY = YES;
				GCC_C_LANGUAGE_STANDARD = gnu11;
				GCC_DYNAMIC_NO_PIC = NO;
				GCC_NO_COMMON_BLOCKS = YES;
				GCC_OPTIMIZATION_LEVEL = 0;
				GCC_PREPROCESSOR_DEFINITIONS = (
					"DEBUG=1",
					"$(inherited)",
				);
				GCC_WARN_64_TO_32_BIT_CONVERSION = YES;
				GCC_WARN_ABOUT_RETURN_TYPE = YES_ERROR;
				GCC_WARN_UNDECLARED_SELECTOR = YES;
				GCC_WARN_UNINITIALIZED_AUTOS = YES_AGGRESSIVE;
				GCC_WARN_UNUSED_FUNCTION = YES;
				GCC_WARN_UNUSED_VARIABLE = YES;
				IPHONEOS_DEPLOYMENT_TARGET = 15.4;
				MTL_ENABLE_DEBUG_INFO = INCLUDE_SOURCE;
				MTL_FAST_MATH = YES;
				ONLY_ACTIVE_ARCH = YES;
				SDKROOT = iphoneos;
				SWIFT_ACTIVE_COMPILATION_CONDITIONS = DEBUG;
				SWIFT_OPTIMIZATION_LEVEL = "-Onone";
			};
			name = Debug;
		};
		01D089402816953C00E9E9FF /* Release */ = {
			isa = XCBuildConfiguration;
			buildSettings = {
				ALWAYS_SEARCH_USER_PATHS = NO;
				CLANG_ANALYZER_NONNULL = YES;
				CLANG_ANALYZER_NUMBER_OBJECT_CONVERSION = YES_AGGRESSIVE;
				CLANG_CXX_LANGUAGE_STANDARD = "gnu++17";
				CLANG_ENABLE_MODULES = YES;
				CLANG_ENABLE_OBJC_ARC = YES;
				CLANG_ENABLE_OBJC_WEAK = YES;
				CLANG_WARN_BLOCK_CAPTURE_AUTORELEASING = YES;
				CLANG_WARN_BOOL_CONVERSION = YES;
				CLANG_WARN_COMMA = YES;
				CLANG_WARN_CONSTANT_CONVERSION = YES;
				CLANG_WARN_DEPRECATED_OBJC_IMPLEMENTATIONS = YES;
				CLANG_WARN_DIRECT_OBJC_ISA_USAGE = YES_ERROR;
				CLANG_WARN_DOCUMENTATION_COMMENTS = YES;
				CLANG_WARN_EMPTY_BODY = YES;
				CLANG_WARN_ENUM_CONVERSION = YES;
				CLANG_WARN_INFINITE_RECURSION = YES;
				CLANG_WARN_INT_CONVERSION = YES;
				CLANG_WARN_NON_LITERAL_NULL_CONVERSION = YES;
				CLANG_WARN_OBJC_IMPLICIT_RETAIN_SELF = YES;
				CLANG_WARN_OBJC_LITERAL_CONVERSION = YES;
				CLANG_WARN_OBJC_ROOT_CLASS = YES_ERROR;
				CLANG_WARN_QUOTED_INCLUDE_IN_FRAMEWORK_HEADER = YES;
				CLANG_WARN_RANGE_LOOP_ANALYSIS = YES;
				CLANG_WARN_STRICT_PROTOTYPES = YES;
				CLANG_WARN_SUSPICIOUS_MOVE = YES;
				CLANG_WARN_UNGUARDED_AVAILABILITY = YES_AGGRESSIVE;
				CLANG_WARN_UNREACHABLE_CODE = YES;
				CLANG_WARN__DUPLICATE_METHOD_MATCH = YES;
				COPY_PHASE_STRIP = NO;
				DEBUG_INFORMATION_FORMAT = "dwarf-with-dsym";
				ENABLE_NS_ASSERTIONS = NO;
				ENABLE_STRICT_OBJC_MSGSEND = YES;
				GCC_C_LANGUAGE_STANDARD = gnu11;
				GCC_NO_COMMON_BLOCKS = YES;
				GCC_WARN_64_TO_32_BIT_CONVERSION = YES;
				GCC_WARN_ABOUT_RETURN_TYPE = YES_ERROR;
				GCC_WARN_UNDECLARED_SELECTOR = YES;
				GCC_WARN_UNINITIALIZED_AUTOS = YES_AGGRESSIVE;
				GCC_WARN_UNUSED_FUNCTION = YES;
				GCC_WARN_UNUSED_VARIABLE = YES;
				IPHONEOS_DEPLOYMENT_TARGET = 15.4;
				MTL_ENABLE_DEBUG_INFO = NO;
				MTL_FAST_MATH = YES;
				SDKROOT = iphoneos;
				SWIFT_COMPILATION_MODE = wholemodule;
				SWIFT_OPTIMIZATION_LEVEL = "-O";
				VALIDATE_PRODUCT = YES;
			};
			name = Release;
		};
		01D089422816953C00E9E9FF /* Debug */ = {
			isa = XCBuildConfiguration;
			baseConfigurationReference = 1FE9A51CE0A4698F4CB12126 /* Pods-Thoughts.debug.xcconfig */;
			buildSettings = {
				ALWAYS_EMBED_SWIFT_STANDARD_LIBRARIES = YES;
				ASSETCATALOG_COMPILER_APPICON_NAME = AppIcon;
				ASSETCATALOG_COMPILER_GLOBAL_ACCENT_COLOR_NAME = AccentColor;
				CODE_SIGN_STYLE = Automatic;
				CURRENT_PROJECT_VERSION = 1;
				DEVELOPMENT_TEAM = R5743U27B6;
				GENERATE_INFOPLIST_FILE = YES;
				INFOPLIST_FILE = Thoughts/Info.plist;
				INFOPLIST_KEY_CFBundleDisplayName = DigitalThoughts;
				INFOPLIST_KEY_UIApplicationSupportsIndirectInputEvents = YES;
				INFOPLIST_KEY_UILaunchStoryboardName = LaunchScreen;
				INFOPLIST_KEY_UISupportedInterfaceOrientations = UIInterfaceOrientationPortrait;
				INFOPLIST_KEY_UISupportedInterfaceOrientations_iPad = "UIInterfaceOrientationPortrait UIInterfaceOrientationPortraitUpsideDown UIInterfaceOrientationLandscapeLeft UIInterfaceOrientationLandscapeRight";
				INFOPLIST_KEY_UISupportedInterfaceOrientations_iPhone = "UIInterfaceOrientationPortrait UIInterfaceOrientationLandscapeLeft UIInterfaceOrientationLandscapeRight";
				IPHONEOS_DEPLOYMENT_TARGET = 15.4;
				LD_RUNPATH_SEARCH_PATHS = (
					"$(inherited)",
					"@executable_path/Frameworks",
				);
				MARKETING_VERSION = 1.0;
				PRODUCT_BUNDLE_IDENTIFIER = com.hilmyveradin.ThoughtsApp;
				PRODUCT_NAME = "$(TARGET_NAME)";
				SWIFT_EMIT_LOC_STRINGS = YES;
				SWIFT_VERSION = 5.0;
				TARGETED_DEVICE_FAMILY = 1;
			};
			name = Debug;
		};
		01D089432816953C00E9E9FF /* Release */ = {
			isa = XCBuildConfiguration;
			baseConfigurationReference = 877320CC35885B8CC68D82CA /* Pods-Thoughts.release.xcconfig */;
			buildSettings = {
				ALWAYS_EMBED_SWIFT_STANDARD_LIBRARIES = YES;
				ASSETCATALOG_COMPILER_APPICON_NAME = AppIcon;
				ASSETCATALOG_COMPILER_GLOBAL_ACCENT_COLOR_NAME = AccentColor;
				CODE_SIGN_STYLE = Automatic;
				CURRENT_PROJECT_VERSION = 1;
				DEVELOPMENT_TEAM = R5743U27B6;
				GENERATE_INFOPLIST_FILE = YES;
				INFOPLIST_FILE = Thoughts/Info.plist;
				INFOPLIST_KEY_CFBundleDisplayName = DigitalThoughts;
				INFOPLIST_KEY_UIApplicationSupportsIndirectInputEvents = YES;
				INFOPLIST_KEY_UILaunchStoryboardName = LaunchScreen;
				INFOPLIST_KEY_UISupportedInterfaceOrientations = UIInterfaceOrientationPortrait;
				INFOPLIST_KEY_UISupportedInterfaceOrientations_iPad = "UIInterfaceOrientationPortrait UIInterfaceOrientationPortraitUpsideDown UIInterfaceOrientationLandscapeLeft UIInterfaceOrientationLandscapeRight";
				INFOPLIST_KEY_UISupportedInterfaceOrientations_iPhone = "UIInterfaceOrientationPortrait UIInterfaceOrientationLandscapeLeft UIInterfaceOrientationLandscapeRight";
				IPHONEOS_DEPLOYMENT_TARGET = 15.4;
				LD_RUNPATH_SEARCH_PATHS = (
					"$(inherited)",
					"@executable_path/Frameworks",
				);
				MARKETING_VERSION = 1.0;
				PRODUCT_BUNDLE_IDENTIFIER = com.hilmyveradin.ThoughtsApp;
				PRODUCT_NAME = "$(TARGET_NAME)";
				SWIFT_EMIT_LOC_STRINGS = YES;
				SWIFT_VERSION = 5.0;
				TARGETED_DEVICE_FAMILY = 1;
			};
			name = Release;
		};
/* End XCBuildConfiguration section */

/* Begin XCConfigurationList section */
		012A4D85281A7AEE00AA0E19 /* Build configuration list for PBXNativeTarget "DigitalThoughtsExtension" */ = {
			isa = XCConfigurationList;
			buildConfigurations = (
				012A4D86281A7AEE00AA0E19 /* Debug */,
				012A4D87281A7AEE00AA0E19 /* Release */,
			);
			defaultConfigurationIsVisible = 0;
			defaultConfigurationName = Release;
		};
		01D089282816953B00E9E9FF /* Build configuration list for PBXProject "Thoughts" */ = {
			isa = XCConfigurationList;
			buildConfigurations = (
				01D0893F2816953C00E9E9FF /* Debug */,
				01D089402816953C00E9E9FF /* Release */,
			);
			defaultConfigurationIsVisible = 0;
			defaultConfigurationName = Release;
		};
		01D089412816953C00E9E9FF /* Build configuration list for PBXNativeTarget "Thoughts" */ = {
			isa = XCConfigurationList;
			buildConfigurations = (
				01D089422816953C00E9E9FF /* Debug */,
				01D089432816953C00E9E9FF /* Release */,
			);
			defaultConfigurationIsVisible = 0;
			defaultConfigurationName = Release;
		};
/* End XCConfigurationList section */

/* Begin XCVersionGroup section */
		019CDB622817CEFB0066D10B /* ThoughtsData.xcdatamodeld */ = {
			isa = XCVersionGroup;
			children = (
				019CDB632817CEFB0066D10B /* ThoughtsData.xcdatamodel */,
			);
			currentVersion = 019CDB632817CEFB0066D10B /* ThoughtsData.xcdatamodel */;
			path = ThoughtsData.xcdatamodeld;
			sourceTree = "<group>";
			versionGroupType = wrapper.xcdatamodel;
		};
/* End XCVersionGroup section */
	};
	rootObject = 01D089252816953B00E9E9FF /* Project object */;
}
